
Microsoft Visual Studio Solution File, Format Version 12.00
# Visual Studio 16
Project("{FAE04EC0-301F-11D3-BF4B-00C04F79EFBC}") = "UniRx", "UniRx.csproj", "{88D9F142-91F9-9E94-3EEC-329FAC98C22F}"
EndProject
Project("{FAE04EC0-301F-11D3-BF4B-00C04F79EFBC}") = "Assembly-CSharp", "Assembly-CSharp.csproj", "{BD810C3E-2DB2-A41E-01E4-5578C7C0536B}"
EndProject
Project("{FAE04EC0-301F-11D3-BF4B-00C04F79EFBC}") = "Assembly-CSharp-Editor", "Assembly-CSharp-Editor.csproj", "{3DD136B6-E67E-E63B-78E7-F37FDB5E04C2}"
EndProject
Global
	GlobalSection(SolutionConfigurationPlatforms) = preSolution
		Debug|Any CPU = Debug|Any CPU
		Release|Any CPU = Release|Any CPU
	EndGlobalSection
	GlobalSection(ProjectConfigurationPlatforms) = postSolution
		{88D9F142-91F9-9E94-3EEC-329FAC98C22F}.Debug|Any CPU.ActiveCfg = Debug|Any CPU
		{88D9F142-91F9-9E94-3EEC-329FAC98C22F}.Debug|Any CPU.Build.0 = Debug|Any CPU
		{88D9F142-91F9-9E94-3EEC-329FAC98C22F}.Release|Any CPU.ActiveCfg = Release|Any CPU
		{88D9F142-91F9-9E94-3EEC-329FAC98C22F}.Release|Any CPU.Build.0 = Release|Any CPU
		{BD810C3E-2DB2-A41E-01E4-5578C7C0536B}.Debug|Any CPU.ActiveCfg = Debug|Any CPU
		{BD810C3E-2DB2-A41E-01E4-5578C7C0536B}.Debug|Any CPU.Build.0 = Debug|Any CPU
		{BD810C3E-2DB2-A41E-01E4-5578C7C0536B}.Release|Any CPU.ActiveCfg = Release|Any CPU
		{BD810C3E-2DB2-A41E-01E4-5578C7C0536B}.Release|Any CPU.Build.0 = Release|Any CPU
		{3DD136B6-E67E-E63B-78E7-F37FDB5E04C2}.Debug|Any CPU.ActiveCfg = Debug|Any CPU
		{3DD136B6-E67E-E63B-78E7-F37FDB5E04C2}.Debug|Any CPU.Build.0 = Debug|Any CPU
		{3DD136B6-E67E-E63B-78E7-F37FDB5E04C2}.Release|Any CPU.ActiveCfg = Release|Any CPU
		{3DD136B6-E67E-E63B-78E7-F37FDB5E04C2}.Release|Any CPU.Build.0 = Release|Any CPU
	EndGlobalSection
	GlobalSection(SolutionProperties) = preSolution
		HideSolutionNode = FALSE
	EndGlobalSection
EndGlobal
